github.com/akley-MK4/go-tools-box v1.0.0-pre h1:8gSKrxB7cvofmOiXIiBiESAeWdmOsAlKZgc06ua4yNY=
github.com/akley-MK4/go-tools-box v1.0.0-pre/go.mod h1:/lRtbGP9I3qYju8GiqdyJqTWd1gGtGt5pFerTbuWYx8=
github.com/akley-MK4/pep-coroutine v1.0.2-pre h1:1lQvcStY1CMuIUXd0ClFTUxo2ve6Z6m4xy9Xrryz+7s=
github.com/akley-MK4/pep-coroutine v1.0.2-pre/go.mod h1:6Y1ylb2cxhRjbKBRbjFihfOvhZ96d8cbEIAy47TnDzE=
